
Microsoft Visual Studio Solution File, Format Version 12.00
# Visual Studio Version 18
VisualStudioVersion = 18.7.11925.98
MinimumVisualStudioVersion = 10.0.40219.1
Project("{9A19103F-16F7-4668-BE54-9A1E7A4F7556}") = "JoyfulReaperLib", "JoyfulReaperLibrary\JoyfulReaperLib.csproj", "{996E32D8-0CCF-4794-A962-52943BF0033E}"
EndProject
Project("{FAE04EC0-301F-11D3-BF4B-00C04F79EFBC}") = "JoyfulReaperLib.Tests", "JoyfulReaperLibTests\JoyfulReaperLib.Tests.csproj", "{95BDE67A-4DDA-4A85-903E-C83D26800312}"
EndProject
Project("{FAE04EC0-301F-11D3-BF4B-00C04F79EFBC}") = "JoyfulReaperLib.Caching.Sqlite", "JoyfulReaperLib.Caching.Sqlite\JoyfulReaperLib.Caching.Sqlite.csproj", "{8CE96005-8896-4184-B1F1-B250C2D001B2}"
EndProject
Project("{FAE04EC0-301F-11D3-BF4B-00C04F79EFBC}") = "JoyfulReaperLib.Caching.Sqlite.Tests", "JoyfulReaperLib.Caching.Sqlite.Tests\JoyfulReaperLib.Caching.Sqlite.Tests.csproj", "{BE4CD09F-1FC2-42F6-BA2D-C55BB9E32967}"
EndProject
Project("{FAE04EC0-301F-11D3-BF4B-00C04F79EFBC}") = "JoyfulReaperLib.Sqlite", "JoyfulReaperLib.Sqlite\JoyfulReaperLib.Sqlite.csproj", "{A6B420AD-CE35-4200-95AD-18B0157BC221}"
EndProject
Project("{FAE04EC0-301F-11D3-BF4B-00C04F79EFBC}") = "JoyfulReaperLib.WebStats.Sqlite", "JoyfulReaperLib.WebStats.Sqlite\JoyfulReaperLib.WebStats.Sqlite.csproj", "{A77DDEC1-E3E2-4830-9220-B5B4188C5192}"
EndProject
Project("{FAE04EC0-301F-11D3-BF4B-00C04F79EFBC}") = "JoyfulReaperLib.WebStats.Sqlite.Tests", "JoyfulReaperLib.WebStats.Sqlite.Tests\JoyfulReaperLib.WebStats.Sqlite.Tests.csproj", "{746BADD9-E003-45FF-ACB1-43433CE1BF60}"
EndProject
Project("{FAE04EC0-301F-11D3-BF4B-00C04F79EFBC}") = "JoyfulReaperLib.MissionControl", "JoyfulReaperLib.MissionControl\JoyfulReaperLib.MissionControl.csproj", "{574CB60D-0D22-454F-AF1D-064160D41FF9}"
EndProject
Project("{FAE04EC0-301F-11D3-BF4B-00C04F79EFBC}") = "JoyfulReaperLib.Ntfy", "JoyfulReaperLib.Ntfy\JoyfulReaperLib.Ntfy.csproj", "{F807BFD9-7B79-4FC9-B888-A39C8129869F}"
EndProject
Project("{FAE04EC0-301F-11D3-BF4B-00C04F79EFBC}") = "JoyfulReaperLib.Ntfy.Tests", "JoyfulReaperLib.Ntfy.Tests\JoyfulReaperLib.Ntfy.Tests.csproj", "{42C35554-2588-4F58-87AB-95717F629C9C}"
EndProject
Global
	GlobalSection(SolutionConfigurationPlatforms) = preSolution
		Debug|Any CPU = Debug|Any CPU
		Debug|x64 = Debug|x64
		Debug|x86 = Debug|x86
		Release|Any CPU = Release|Any CPU
		Release|x64 = Release|x64
		Release|x86 = Release|x86
	EndGlobalSection
	GlobalSection(ProjectConfigurationPlatforms) = postSolution
		{996E32D8-0CCF-4794-A962-52943BF0033E}.Debug|Any CPU.ActiveCfg = Debug|Any CPU
		{996E32D8-0CCF-4794-A962-52943BF0033E}.Debug|Any CPU.Build.0 = Debug|Any CPU
		{996E32D8-0CCF-4794-A962-52943BF0033E}.Debug|x64.ActiveCfg = Debug|Any CPU
		{996E32D8-0CCF-4794-A962-52943BF0033E}.Debug|x64.Build.0 = Debug|Any CPU
		{996E32D8-0CCF-4794-A962-52943BF0033E}.Debug|x86.ActiveCfg = Debug|Any CPU
		{996E32D8-0CCF-4794-A962-52943BF0033E}.Debug|x86.Build.0 = Debug|Any CPU
		{996E32D8-0CCF-4794-A962-52943BF0033E}.Release|Any CPU.ActiveCfg = Release|Any CPU
		{996E32D8-0CCF-4794-A962-52943BF0033E}.Release|Any CPU.Build.0 = Release|Any CPU
		{996E32D8-0CCF-4794-A962-52943BF0033E}.Release|x64.ActiveCfg = Release|Any CPU
		{996E32D8-0CCF-4794-A962-52943BF0033E}.Release|x64.Build.0 = Release|Any CPU
		{996E32D8-0CCF-4794-A962-52943BF0033E}.Release|x86.ActiveCfg = Release|Any CPU
		{996E32D8-0CCF-4794-A962-52943BF0033E}.Release|x86.Build.0 = Release|Any CPU
		{95BDE67A-4DDA-4A85-903E-C83D26800312}.Debug|Any CPU.ActiveCfg = Debug|Any CPU
		{95BDE67A-4DDA-4A85-903E-C83D26800312}.Debug|Any CPU.Build.0 = Debug|Any CPU
		{95BDE67A-4DDA-4A85-903E-C83D26800312}.Debug|x64.ActiveCfg = Debug|Any CPU
		{95BDE67A-4DDA-4A85-903E-C83D26800312}.Debug|x64.Build.0 = Debug|Any CPU
		{95BDE67A-4DDA-4A85-903E-C83D26800312}.Debug|x86.ActiveCfg = Debug|Any CPU
		{95BDE67A-4DDA-4A85-903E-C83D26800312}.Debug|x86.Build.0 = Debug|Any CPU
		{95BDE67A-4DDA-4A85-903E-C83D26800312}.Release|Any CPU.ActiveCfg = Release|Any CPU
		{95BDE67A-4DDA-4A85-903E-C83D26800312}.Release|Any CPU.Build.0 = Release|Any CPU
		{95BDE67A-4DDA-4A85-903E-C83D26800312}.Release|x64.ActiveCfg = Release|Any CPU
		{95BDE67A-4DDA-4A85-903E-C83D26800312}.Release|x64.Build.0 = Release|Any CPU
		{95BDE67A-4DDA-4A85-903E-C83D26800312}.Release|x86.ActiveCfg = Release|Any CPU
		{95BDE67A-4DDA-4A85-903E-C83D26800312}.Release|x86.Build.0 = Release|Any CPU
		{8CE96005-8896-4184-B1F1-B250C2D001B2}.Debug|Any CPU.ActiveCfg = Debug|Any CPU
		{8CE96005-8896-4184-B1F1-B250C2D001B2}.Debug|Any CPU.Build.0 = Debug|Any CPU
		{8CE96005-8896-4184-B1F1-B250C2D001B2}.Debug|x64.ActiveCfg = Debug|Any CPU
		{8CE96005-8896-4184-B1F1-B250C2D001B2}.Debug|x64.Build.0 = Debug|Any CPU
		{8CE96005-8896-4184-B1F1-B250C2D001B2}.Debug|x86.ActiveCfg = Debug|Any CPU
		{8CE96005-8896-4184-B1F1-B250C2D001B2}.Debug|x86.Build.0 = Debug|Any CPU
		{8CE96005-8896-4184-B1F1-B250C2D001B2}.Release|Any CPU.ActiveCfg = Release|Any CPU
		{8CE96005-8896-4184-B1F1-B250C2D001B2}.Release|Any CPU.Build.0 = Release|Any CPU
		{8CE96005-8896-4184-B1F1-B250C2D001B2}.Release|x64.ActiveCfg = Release|Any CPU
		{8CE96005-8896-4184-B1F1-B250C2D001B2}.Release|x64.Build.0 = Release|Any CPU
		{8CE96005-8896-4184-B1F1-B250C2D001B2}.Release|x86.ActiveCfg = Release|Any CPU
		{8CE96005-8896-4184-B1F1-B250C2D001B2}.Release|x86.Build.0 = Release|Any CPU
		{BE4CD09F-1FC2-42F6-BA2D-C55BB9E32967}.Debug|Any CPU.ActiveCfg = Debug|Any CPU
		{BE4CD09F-1FC2-42F6-BA2D-C55BB9E32967}.Debug|Any CPU.Build.0 = Debug|Any CPU
		{BE4CD09F-1FC2-42F6-BA2D-C55BB9E32967}.Debug|x64.ActiveCfg = Debug|Any CPU
		{BE4CD09F-1FC2-42F6-BA2D-C55BB9E32967}.Debug|x64.Build.0 = Debug|Any CPU
		{BE4CD09F-1FC2-42F6-BA2D-C55BB9E32967}.Debug|x86.ActiveCfg = Debug|Any CPU
		{BE4CD09F-1FC2-42F6-BA2D-C55BB9E32967}.Debug|x86.Build.0 = Debug|Any CPU
		{BE4CD09F-1FC2-42F6-BA2D-C55BB9E32967}.Release|Any CPU.ActiveCfg = Release|Any CPU
		{BE4CD09F-1FC2-42F6-BA2D-C55BB9E32967}.Release|Any CPU.Build.0 = Release|Any CPU
		{BE4CD09F-1FC2-42F6-BA2D-C55BB9E32967}.Release|x64.ActiveCfg = Release|Any CPU
		{BE4CD09F-1FC2-42F6-BA2D-C55BB9E32967}.Release|x64.Build.0 = Release|Any CPU
		{BE4CD09F-1FC2-42F6-BA2D-C55BB9E32967}.Release|x86.ActiveCfg = Release|Any CPU
		{BE4CD09F-1FC2-42F6-BA2D-C55BB9E32967}.Release|x86.Build.0 = Release|Any CPU
		{A6B420AD-CE35-4200-95AD-18B0157BC221}.Debug|Any CPU.ActiveCfg = Debug|Any CPU
		{A6B420AD-CE35-4200-95AD-18B0157BC221}.Debug|Any CPU.Build.0 = Debug|Any CPU
		{A6B420AD-CE35-4200-95AD-18B0157BC221}.Debug|x64.ActiveCfg = Debug|Any CPU
		{A6B420AD-CE35-4200-95AD-18B0157BC221}.Debug|x64.Build.0 = Debug|Any CPU
		{A6B420AD-CE35-4200-95AD-18B0157BC221}.Debug|x86.ActiveCfg = Debug|Any CPU
		{A6B420AD-CE35-4200-95AD-18B0157BC221}.Debug|x86.Build.0 = Debug|Any CPU
		{A6B420AD-CE35-4200-95AD-18B0157BC221}.Release|Any CPU.ActiveCfg = Release|Any CPU
		{A6B420AD-CE35-4200-95AD-18B0157BC221}.Release|Any CPU.Build.0 = Release|Any CPU
		{A6B420AD-CE35-4200-95AD-18B0157BC221}.Release|x64.ActiveCfg = Release|Any CPU
		{A6B420AD-CE35-4200-95AD-18B0157BC221}.Release|x64.Build.0 = Release|Any CPU
		{A6B420AD-CE35-4200-95AD-18B0157BC221}.Release|x86.ActiveCfg = Release|Any CPU
		{A6B420AD-CE35-4200-95AD-18B0157BC221}.Release|x86.Build.0 = Release|Any CPU
		{A77DDEC1-E3E2-4830-9220-B5B4188C5192}.Debug|Any CPU.ActiveCfg = Debug|Any CPU
		{A77DDEC1-E3E2-4830-9220-B5B4188C5192}.Debug|Any CPU.Build.0 = Debug|Any CPU
		{A77DDEC1-E3E2-4830-9220-B5B4188C5192}.Debug|x64.ActiveCfg = Debug|Any CPU
		{A77DDEC1-E3E2-4830-9220-B5B4188C5192}.Debug|x64.Build.0 = Debug|Any CPU
		{A77DDEC1-E3E2-4830-9220-B5B4188C5192}.Debug|x86.ActiveCfg = Debug|Any CPU
		{A77DDEC1-E3E2-4830-9220-B5B4188C5192}.Debug|x86.Build.0 = Debug|Any CPU
		{A77DDEC1-E3E2-4830-9220-B5B4188C5192}.Release|Any CPU.ActiveCfg = Release|Any CPU
		{A77DDEC1-E3E2-4830-9220-B5B4188C5192}.Release|Any CPU.Build.0 = Release|Any CPU
		{A77DDEC1-E3E2-4830-9220-B5B4188C5192}.Release|x64.ActiveCfg = Release|Any CPU
		{A77DDEC1-E3E2-4830-9220-B5B4188C5192}.Release|x64.Build.0 = Release|Any CPU
		{A77DDEC1-E3E2-4830-9220-B5B4188C5192}.Release|x86.ActiveCfg = Release|Any CPU
		{A77DDEC1-E3E2-4830-9220-B5B4188C5192}.Release|x86.Build.0 = Release|Any CPU
		{746BADD9-E003-45FF-ACB1-43433CE1BF60}.Debug|Any CPU.ActiveCfg = Debug|Any CPU
		{746BADD9-E003-45FF-ACB1-43433CE1BF60}.Debug|Any CPU.Build.0 = Debug|Any CPU
		{746BADD9-E003-45FF-ACB1-43433CE1BF60}.Debug|x64.ActiveCfg = Debug|Any CPU
		{746BADD9-E003-45FF-ACB1-43433CE1BF60}.Debug|x64.Build.0 = Debug|Any CPU
		{746BADD9-E003-45FF-ACB1-43433CE1BF60}.Debug|x86.ActiveCfg = Debug|Any CPU
		{746BADD9-E003-45FF-ACB1-43433CE1BF60}.Debug|x86.Build.0 = Debug|Any CPU
		{746BADD9-E003-45FF-ACB1-43433CE1BF60}.Release|Any CPU.ActiveCfg = Release|Any CPU
		{746BADD9-E003-45FF-ACB1-43433CE1BF60}.Release|Any CPU.Build.0 = Release|Any CPU
		{746BADD9-E003-45FF-ACB1-43433CE1BF60}.Release|x64.ActiveCfg = Release|Any CPU
		{746BADD9-E003-45FF-ACB1-43433CE1BF60}.Release|x64.Build.0 = Release|Any CPU
		{746BADD9-E003-45FF-ACB1-43433CE1BF60}.Release|x86.ActiveCfg = Release|Any CPU
		{746BADD9-E003-45FF-ACB1-43433CE1BF60}.Release|x86.Build.0 = Release|Any CPU
		{574CB60D-0D22-454F-AF1D-064160D41FF9}.Debug|Any CPU.ActiveCfg = Debug|Any CPU
		{574CB60D-0D22-454F-AF1D-064160D41FF9}.Debug|Any CPU.Build.0 = Debug|Any CPU
		{574CB60D-0D22-454F-AF1D-064160D41FF9}.Debug|x64.ActiveCfg = Debug|Any CPU
		{574CB60D-0D22-454F-AF1D-064160D41FF9}.Debug|x64.Build.0 = Debug|Any CPU
		{574CB60D-0D22-454F-AF1D-064160D41FF9}.Debug|x86.ActiveCfg = Debug|Any CPU
		{574CB60D-0D22-454F-AF1D-064160D41FF9}.Debug|x86.Build.0 = Debug|Any CPU
		{574CB60D-0D22-454F-AF1D-064160D41FF9}.Release|Any CPU.ActiveCfg = Release|Any CPU
		{574CB60D-0D22-454F-AF1D-064160D41FF9}.Release|Any CPU.Build.0 = Release|Any CPU
		{574CB60D-0D22-454F-AF1D-064160D41FF9}.Release|x64.ActiveCfg = Release|Any CPU
		{574CB60D-0D22-454F-AF1D-064160D41FF9}.Release|x64.Build.0 = Release|Any CPU
		{574CB60D-0D22-454F-AF1D-064160D41FF9}.Release|x86.ActiveCfg = Release|Any CPU
		{574CB60D-0D22-454F-AF1D-064160D41FF9}.Release|x86.Build.0 = Release|Any CPU
		{F807BFD9-7B79-4FC9-B888-A39C8129869F}.Debug|Any CPU.ActiveCfg = Debug|Any CPU
		{F807BFD9-7B79-4FC9-B888-A39C8129869F}.Debug|Any CPU.Build.0 = Debug|Any CPU
		{F807BFD9-7B79-4FC9-B888-A39C8129869F}.Debug|x64.ActiveCfg = Debug|Any CPU
		{F807BFD9-7B79-4FC9-B888-A39C8129869F}.Debug|x64.Build.0 = Debug|Any CPU
		{F807BFD9-7B79-4FC9-B888-A39C8129869F}.Debug|x86.ActiveCfg = Debug|Any CPU
		{F807BFD9-7B79-4FC9-B888-A39C8129869F}.Debug|x86.Build.0 = Debug|Any CPU
		{F807BFD9-7B79-4FC9-B888-A39C8129869F}.Release|Any CPU.ActiveCfg = Release|Any CPU
		{F807BFD9-7B79-4FC9-B888-A39C8129869F}.Release|Any CPU.Build.0 = Release|Any CPU
		{F807BFD9-7B79-4FC9-B888-A39C8129869F}.Release|x64.ActiveCfg = Release|Any CPU
		{F807BFD9-7B79-4FC9-B888-A39C8129869F}.Release|x64.Build.0 = Release|Any CPU
		{F807BFD9-7B79-4FC9-B888-A39C8129869F}.Release|x86.ActiveCfg = Release|Any CPU
		{F807BFD9-7B79-4FC9-B888-A39C8129869F}.Release|x86.Build.0 = Release|Any CPU
		{42C35554-2588-4F58-87AB-95717F629C9C}.Debug|Any CPU.ActiveCfg = Debug|Any CPU
		{42C35554-2588-4F58-87AB-95717F629C9C}.Debug|Any CPU.Build.0 = Debug|Any CPU
		{42C35554-2588-4F58-87AB-95717F629C9C}.Debug|x64.ActiveCfg = Debug|Any CPU
		{42C35554-2588-4F58-87AB-95717F629C9C}.Debug|x64.Build.0 = Debug|Any CPU
		{42C35554-2588-4F58-87AB-95717F629C9C}.Debug|x86.ActiveCfg = Debug|Any CPU
		{42C35554-2588-4F58-87AB-95717F629C9C}.Debug|x86.Build.0 = Debug|Any CPU
		{42C35554-2588-4F58-87AB-95717F629C9C}.Release|Any CPU.ActiveCfg = Release|Any CPU
		{42C35554-2588-4F58-87AB-95717F629C9C}.Release|Any CPU.Build.0 = Release|Any CPU
		{42C35554-2588-4F58-87AB-95717F629C9C}.Release|x64.ActiveCfg = Release|Any CPU
		{42C35554-2588-4F58-87AB-95717F629C9C}.Release|x64.Build.0 = Release|Any CPU
		{42C35554-2588-4F58-87AB-95717F629C9C}.Release|x86.ActiveCfg = Release|Any CPU
		{42C35554-2588-4F58-87AB-95717F629C9C}.Release|x86.Build.0 = Release|Any CPU
	EndGlobalSection
	GlobalSection(SolutionProperties) = preSolution
		HideSolutionNode = FALSE
	EndGlobalSection
	GlobalSection(ExtensibilityGlobals) = postSolution
		SolutionGuid = {CAC9889C-BD3E-4639-BFD3-CA569558592E}
	EndGlobalSection
EndGlobal
