
Microsoft Visual Studio Solution File, Format Version 12.00
# Visual Studio Version 16
VisualStudioVersion = 16.0.30709.132
MinimumVisualStudioVersion = 10.0.40219.1
Project("{9A19103F-16F7-4668-BE54-9A1E7A4F7556}") = "JoyfulReaperLib", "JoyfulReaperLibrary\JoyfulReaperLib.csproj", "{996E32D8-0CCF-4794-A962-52943BF0033E}"
EndProject
Project("{FAE04EC0-301F-11D3-BF4B-00C04F79EFBC}") = "JoyfulReaperLibTests", "JoyfulReaperLibTests\JoyfulReaperLibTests.csproj", "{95BDE67A-4DDA-4A85-903E-C83D26800312}"
EndProject
Global
	GlobalSection(SolutionConfigurationPlatforms) = preSolution
		Debug|Any CPU = Debug|Any CPU
		Release|Any CPU = Release|Any CPU
	EndGlobalSection
	GlobalSection(ProjectConfigurationPlatforms) = postSolution
		{996E32D8-0CCF-4794-A962-52943BF0033E}.Debug|Any CPU.ActiveCfg = Debug|Any CPU
		{996E32D8-0CCF-4794-A962-52943BF0033E}.Debug|Any CPU.Build.0 = Debug|Any CPU
		{996E32D8-0CCF-4794-A962-52943BF0033E}.Release|Any CPU.ActiveCfg = Release|Any CPU
		{996E32D8-0CCF-4794-A962-52943BF0033E}.Release|Any CPU.Build.0 = Release|Any CPU
		{95BDE67A-4DDA-4A85-903E-C83D26800312}.Debug|Any CPU.ActiveCfg = Debug|Any CPU
		{95BDE67A-4DDA-4A85-903E-C83D26800312}.Debug|Any CPU.Build.0 = Debug|Any CPU
		{95BDE67A-4DDA-4A85-903E-C83D26800312}.Release|Any CPU.ActiveCfg = Release|Any CPU
		{95BDE67A-4DDA-4A85-903E-C83D26800312}.Release|Any CPU.Build.0 = Release|Any CPU
	EndGlobalSection
	GlobalSection(SolutionProperties) = preSolution
		HideSolutionNode = FALSE
	EndGlobalSection
	GlobalSection(ExtensibilityGlobals) = postSolution
		SolutionGuid = {CAC9889C-BD3E-4639-BFD3-CA569558592E}
	EndGlobalSection
EndGlobal
